
Microsoft Visual Studio Solution File, Format Version 12.00
# Visual Studio 15
VisualStudioVersion = 15.0.28010.2019
MinimumVisualStudioVersion = 10.0.40219.1
Project("{262852C6-CD72-467D-83FE-5EEB1973A190}") = "CameraDempApp", "CameraDempApp\CameraDempApp.jsproj", "{89DC2A58-631D-47A2-B37B-94CCCCCF5E28}"
EndProject
Global
	GlobalSection(SolutionConfigurationPlatforms) = preSolution
		Debug|Android = Debug|Android
		Debug|iOS = Debug|iOS
		Debug|Windows-ARM = Debug|Windows-ARM
		Debug|Windows-x64 = Debug|Windows-x64
		Debug|Windows-x86 = Debug|Windows-x86
		Release|Android = Release|Android
		Release|iOS = Release|iOS
		Release|Windows-ARM = Release|Windows-ARM
		Release|Windows-x64 = Release|Windows-x64
		Release|Windows-x86 = Release|Windows-x86
	EndGlobalSection
	GlobalSection(ProjectConfigurationPlatforms) = postSolution
		{89DC2A58-631D-47A2-B37B-94CCCCCF5E28}.Debug|Android.ActiveCfg = Debug|Android
		{89DC2A58-631D-47A2-B37B-94CCCCCF5E28}.Debug|Android.Build.0 = Debug|Android
		{89DC2A58-631D-47A2-B37B-94CCCCCF5E28}.Debug|Android.Deploy.0 = Debug|Android
		{89DC2A58-631D-47A2-B37B-94CCCCCF5E28}.Debug|iOS.ActiveCfg = Debug|iOS
		{89DC2A58-631D-47A2-B37B-94CCCCCF5E28}.Debug|iOS.Build.0 = Debug|iOS
		{89DC2A58-631D-47A2-B37B-94CCCCCF5E28}.Debug|iOS.Deploy.0 = Debug|iOS
		{89DC2A58-631D-47A2-B37B-94CCCCCF5E28}.Debug|Windows-ARM.ActiveCfg = Debug|Windows-ARM
		{89DC2A58-631D-47A2-B37B-94CCCCCF5E28}.Debug|Windows-ARM.Build.0 = Debug|Windows-ARM
		{89DC2A58-631D-47A2-B37B-94CCCCCF5E28}.Debug|Windows-ARM.Deploy.0 = Debug|Windows-ARM
		{89DC2A58-631D-47A2-B37B-94CCCCCF5E28}.Debug|Windows-x64.ActiveCfg = Debug|Windows-x64
		{89DC2A58-631D-47A2-B37B-94CCCCCF5E28}.Debug|Windows-x64.Build.0 = Debug|Windows-x64
		{89DC2A58-631D-47A2-B37B-94CCCCCF5E28}.Debug|Windows-x64.Deploy.0 = Debug|Windows-x64
		{89DC2A58-631D-47A2-B37B-94CCCCCF5E28}.Debug|Windows-x86.ActiveCfg = Debug|Windows-x86
		{89DC2A58-631D-47A2-B37B-94CCCCCF5E28}.Debug|Windows-x86.Build.0 = Debug|Windows-x86
		{89DC2A58-631D-47A2-B37B-94CCCCCF5E28}.Debug|Windows-x86.Deploy.0 = Debug|Windows-x86
		{89DC2A58-631D-47A2-B37B-94CCCCCF5E28}.Release|Android.ActiveCfg = Release|Android
		{89DC2A58-631D-47A2-B37B-94CCCCCF5E28}.Release|Android.Build.0 = Release|Android
		{89DC2A58-631D-47A2-B37B-94CCCCCF5E28}.Release|Android.Deploy.0 = Release|Android
		{89DC2A58-631D-47A2-B37B-94CCCCCF5E28}.Release|iOS.ActiveCfg = Release|iOS
		{89DC2A58-631D-47A2-B37B-94CCCCCF5E28}.Release|iOS.Build.0 = Release|iOS
		{89DC2A58-631D-47A2-B37B-94CCCCCF5E28}.Release|iOS.Deploy.0 = Release|iOS
		{89DC2A58-631D-47A2-B37B-94CCCCCF5E28}.Release|Windows-ARM.ActiveCfg = Release|Windows-ARM
		{89DC2A58-631D-47A2-B37B-94CCCCCF5E28}.Release|Windows-ARM.Build.0 = Release|Windows-ARM
		{89DC2A58-631D-47A2-B37B-94CCCCCF5E28}.Release|Windows-ARM.Deploy.0 = Release|Windows-ARM
		{89DC2A58-631D-47A2-B37B-94CCCCCF5E28}.Release|Windows-x64.ActiveCfg = Release|Windows-x64
		{89DC2A58-631D-47A2-B37B-94CCCCCF5E28}.Release|Windows-x64.Build.0 = Release|Windows-x64
		{89DC2A58-631D-47A2-B37B-94CCCCCF5E28}.Release|Windows-x64.Deploy.0 = Release|Windows-x64
		{89DC2A58-631D-47A2-B37B-94CCCCCF5E28}.Release|Windows-x86.ActiveCfg = Release|Windows-x86
		{89DC2A58-631D-47A2-B37B-94CCCCCF5E28}.Release|Windows-x86.Build.0 = Release|Windows-x86
		{89DC2A58-631D-47A2-B37B-94CCCCCF5E28}.Release|Windows-x86.Deploy.0 = Release|Windows-x86
	EndGlobalSection
	GlobalSection(SolutionProperties) = preSolution
		HideSolutionNode = FALSE
	EndGlobalSection
	GlobalSection(ExtensibilityGlobals) = postSolution
		SolutionGuid = {29FDFA37-E3B2-4A9A-8963-1BD4DC28A22B}
	EndGlobalSection
EndGlobal
